
Microsoft Visual Studio Solution File, Format Version 12.00
# Visual Studio Version 17
VisualStudioVersion = 17.14.36518.9 d17.14
MinimumVisualStudioVersion = 10.0.40219.1
Project("{FAE04EC0-301F-11D3-BF4B-00C04F79EFBC}") = "DACK_ITPROJECT", "DACK_ITPROJECT.csproj", "{B1599A55-5070-46C5-BF3E-04F333ED944A}"
EndProject
Global
	GlobalSection(SolutionConfigurationPlatforms) = preSolution
		Debug|Any CPU = Debug|Any CPU
		Release|Any CPU = Release|Any CPU
	EndGlobalSection
	GlobalSection(ProjectConfigurationPlatforms) = postSolution
		{B1599A55-5070-46C5-BF3E-04F333ED944A}.Debug|Any CPU.ActiveCfg = Debug|Any CPU
		{B1599A55-5070-46C5-BF3E-04F333ED944A}.Debug|Any CPU.Build.0 = Debug|Any CPU
		{B1599A55-5070-46C5-BF3E-04F333ED944A}.Release|Any CPU.ActiveCfg = Release|Any CPU
		{B1599A55-5070-46C5-BF3E-04F333ED944A}.Release|Any CPU.Build.0 = Release|Any CPU
	EndGlobalSection
	GlobalSection(SolutionProperties) = preSolution
		HideSolutionNode = FALSE
	EndGlobalSection
	GlobalSection(ExtensibilityGlobals) = postSolution
		SolutionGuid = {4BF17810-13E4-4044-917E-B5598E869BA4}
	EndGlobalSection
EndGlobal
